
Microsoft Visual Studio Solution File, Format Version 12.00
# Visual Studio Version 17
VisualStudioVersion = 17.13.35828.75 d17.13
MinimumVisualStudioVersion = 10.0.40219.1
Project("{FAE04EC0-301F-11D3-BF4B-00C04F79EFBC}") = "InfoTrackScraper", "InfoTrackScraper\InfoTrackScraper.csproj", "{ED374F09-6B62-4EDF-AC1D-387A6C05CB50}"
EndProject
Project("{FAE04EC0-301F-11D3-BF4B-00C04F79EFBC}") = "InfoTrackScraperTests", "TestProject1\InfoTrackScraperTests.csproj", "{AFDB611D-1500-4395-B566-021DF1C601F6}"
EndProject
Global
	GlobalSection(SolutionConfigurationPlatforms) = preSolution
		Debug|Any CPU = Debug|Any CPU
		Release|Any CPU = Release|Any CPU
	EndGlobalSection
	GlobalSection(ProjectConfigurationPlatforms) = postSolution
		{ED374F09-6B62-4EDF-AC1D-387A6C05CB50}.Debug|Any CPU.ActiveCfg = Debug|Any CPU
		{ED374F09-6B62-4EDF-AC1D-387A6C05CB50}.Debug|Any CPU.Build.0 = Debug|Any CPU
		{ED374F09-6B62-4EDF-AC1D-387A6C05CB50}.Release|Any CPU.ActiveCfg = Release|Any CPU
		{ED374F09-6B62-4EDF-AC1D-387A6C05CB50}.Release|Any CPU.Build.0 = Release|Any CPU
		{AFDB611D-1500-4395-B566-021DF1C601F6}.Debug|Any CPU.ActiveCfg = Debug|Any CPU
		{AFDB611D-1500-4395-B566-021DF1C601F6}.Debug|Any CPU.Build.0 = Debug|Any CPU
		{AFDB611D-1500-4395-B566-021DF1C601F6}.Release|Any CPU.ActiveCfg = Release|Any CPU
		{AFDB611D-1500-4395-B566-021DF1C601F6}.Release|Any CPU.Build.0 = Release|Any CPU
	EndGlobalSection
	GlobalSection(SolutionProperties) = preSolution
		HideSolutionNode = FALSE
	EndGlobalSection
	GlobalSection(ExtensibilityGlobals) = postSolution
		SolutionGuid = {A7A9AAE9-E22A-41DB-B3AB-EB54B46980FA}
	EndGlobalSection
EndGlobal
